{
    "version": 3,
    "terraform_version": "0.11.3",
    "serial": 10,
    "lineage": "69b9b00d-3228-429f-9905-59eced315cae",
    "modules": [
        {
            "path": [
                "root"
            ],
            "outputs": {
                "aws_instance_public_dns": {
                    "sensitive": false,
                    "type": "string",
                    "value": "ec2-34-252-225-90.eu-west-1.compute.amazonaws.com"
                }
            },
            "resources": {
                "aws_instance.nginx1": {
                    "type": "aws_instance",
                    "depends_on": [
                        "aws_subnet.subnet1"
                    ],
                    "primary": {
                        "id": "i-07186f0e68e617693",
                        "attributes": {
                            "ami": "ami-1b791862",
                            "associate_public_ip_address": "true",
                            "availability_zone": "eu-west-1a",
                            "disable_api_termination": "false",
                            "ebs_block_device.#": "0",
                            "ebs_optimized": "false",
                            "ephemeral_block_device.#": "0",
                            "iam_instance_profile": "",
                            "id": "i-07186f0e68e617693",
                            "instance_state": "running",
                            "instance_type": "t2.micro",
                            "ipv6_addresses.#": "0",
                            "key_name": "",
                            "monitoring": "false",
                            "network_interface.#": "0",
                            "network_interface_id": "eni-c5cd3ef2",
                            "placement_group": "",
                            "primary_network_interface_id": "eni-c5cd3ef2",
                            "private_dns": "ip-10-1-0-85.eu-west-1.compute.internal",
                            "private_ip": "10.1.0.85",
                            "public_dns": "ec2-34-252-225-90.eu-west-1.compute.amazonaws.com",
                            "public_ip": "34.252.225.90",
                            "root_block_device.#": "1",
                            "root_block_device.0.delete_on_termination": "true",
                            "root_block_device.0.iops": "100",
                            "root_block_device.0.volume_id": "vol-0931d35a1ba840d5c",
                            "root_block_device.0.volume_size": "8",
                            "root_block_device.0.volume_type": "gp2",
                            "security_groups.#": "0",
                            "source_dest_check": "true",
                            "subnet_id": "subnet-4e72ed06",
                            "tags.%": "0",
                            "tenancy": "default",
                            "volume_tags.%": "0",
                            "vpc_security_group_ids.#": "1",
                            "vpc_security_group_ids.270040884": "sg-579a4c2b"
                        },
                        "meta": {
                            "e2bfb730-ecaa-11e6-8f88-34363bc7c4c0": {
                                "create": 600000000000,
                                "delete": 600000000000,
                                "update": 600000000000
                            },
                            "schema_version": "1"
                        },
                        "tainted": false
                    },
                    "deposed": [],
                    "provider": "provider.aws"
                },
                "aws_internet_gateway.igw": {
                    "type": "aws_internet_gateway",
                    "depends_on": [
                        "aws_vpc.vpc"
                    ],
                    "primary": {
                        "id": "igw-f1440c96",
                        "attributes": {
                            "id": "igw-f1440c96",
                            "tags.%": "0",
                            "vpc_id": "vpc-d81e4fbe"
                        },
                        "meta": {},
                        "tainted": false
                    },
                    "deposed": [],
                    "provider": "provider.aws"
                },
                "aws_route_table.rtb": {
                    "type": "aws_route_table",
                    "depends_on": [
                        "aws_internet_gateway.igw",
                        "aws_vpc.vpc"
                    ],
                    "primary": {
                        "id": "rtb-204f3159",
                        "attributes": {
                            "id": "rtb-204f3159",
                            "propagating_vgws.#": "0",
                            "route.#": "1",
                            "route.3880846973.cidr_block": "0.0.0.0/0",
                            "route.3880846973.egress_only_gateway_id": "",
                            "route.3880846973.gateway_id": "igw-f1440c96",
                            "route.3880846973.instance_id": "",
                            "route.3880846973.ipv6_cidr_block": "",
                            "route.3880846973.nat_gateway_id": "",
                            "route.3880846973.network_interface_id": "",
                            "route.3880846973.vpc_peering_connection_id": "",
                            "tags.%": "0",
                            "vpc_id": "vpc-d81e4fbe"
                        },
                        "meta": {},
                        "tainted": false
                    },
                    "deposed": [],
                    "provider": "provider.aws"
                },
                "aws_route_table_association.rta-subnet1": {
                    "type": "aws_route_table_association",
                    "depends_on": [
                        "aws_route_table.rtb",
                        "aws_subnet.subnet1"
                    ],
                    "primary": {
                        "id": "rtbassoc-2a758f51",
                        "attributes": {
                            "id": "rtbassoc-2a758f51",
                            "route_table_id": "rtb-204f3159",
                            "subnet_id": "subnet-4e72ed06"
                        },
                        "meta": {},
                        "tainted": false
                    },
                    "deposed": [],
                    "provider": "provider.aws"
                },
                "aws_route_table_association.rta-subnet2": {
                    "type": "aws_route_table_association",
                    "depends_on": [
                        "aws_route_table.rtb",
                        "aws_subnet.subnet2"
                    ],
                    "primary": {
                        "id": "rtbassoc-b4778dcf",
                        "attributes": {
                            "id": "rtbassoc-b4778dcf",
                            "route_table_id": "rtb-204f3159",
                            "subnet_id": "subnet-adff36f7"
                        },
                        "meta": {},
                        "tainted": false
                    },
                    "deposed": [],
                    "provider": "provider.aws"
                },
                "aws_subnet.subnet1": {
                    "type": "aws_subnet",
                    "depends_on": [
                        "aws_vpc.vpc",
                        "data.aws_availability_zones.available"
                    ],
                    "primary": {
                        "id": "subnet-4e72ed06",
                        "attributes": {
                            "assign_ipv6_address_on_creation": "false",
                            "availability_zone": "eu-west-1a",
                            "cidr_block": "10.1.0.0/24",
                            "id": "subnet-4e72ed06",
                            "map_public_ip_on_launch": "true",
                            "tags.%": "0",
                            "vpc_id": "vpc-d81e4fbe"
                        },
                        "meta": {
                            "schema_version": "1"
                        },
                        "tainted": false
                    },
                    "deposed": [],
                    "provider": "provider.aws"
                },
                "aws_subnet.subnet2": {
                    "type": "aws_subnet",
                    "depends_on": [
                        "aws_vpc.vpc",
                        "data.aws_availability_zones.available"
                    ],
                    "primary": {
                        "id": "subnet-adff36f7",
                        "attributes": {
                            "assign_ipv6_address_on_creation": "false",
                            "availability_zone": "eu-west-1b",
                            "cidr_block": "10.1.1.0/24",
                            "id": "subnet-adff36f7",
                            "map_public_ip_on_launch": "true",
                            "tags.%": "0",
                            "vpc_id": "vpc-d81e4fbe"
                        },
                        "meta": {
                            "schema_version": "1"
                        },
                        "tainted": false
                    },
                    "deposed": [],
                    "provider": "provider.aws"
                },
                "aws_vpc.vpc": {
                    "type": "aws_vpc",
                    "depends_on": [],
                    "primary": {
                        "id": "vpc-d81e4fbe",
                        "attributes": {
                            "assign_generated_ipv6_cidr_block": "false",
                            "cidr_block": "10.1.0.0/16",
                            "default_network_acl_id": "acl-5b26ee22",
                            "default_route_table_id": "rtb-dc522ca5",
                            "default_security_group_id": "sg-579a4c2b",
                            "dhcp_options_id": "dopt-9d6746fa",
                            "enable_classiclink": "false",
                            "enable_classiclink_dns_support": "false",
                            "enable_dns_hostnames": "true",
                            "enable_dns_support": "true",
                            "id": "vpc-d81e4fbe",
                            "instance_tenancy": "default",
                            "main_route_table_id": "rtb-dc522ca5",
                            "tags.%": "0"
                        },
                        "meta": {
                            "schema_version": "1"
                        },
                        "tainted": false
                    },
                    "deposed": [],
                    "provider": "provider.aws"
                },
                "data.aws_availability_zones.available": {
                    "type": "aws_availability_zones",
                    "depends_on": [],
                    "primary": {
                        "id": "2018-07-13 19:03:41.729167154 +0000 UTC",
                        "attributes": {
                            "id": "2018-07-13 19:03:41.729167154 +0000 UTC",
                            "names.#": "3",
                            "names.0": "eu-west-1a",
                            "names.1": "eu-west-1b",
                            "names.2": "eu-west-1c"
                        },
                        "meta": {},
                        "tainted": false
                    },
                    "deposed": [],
                    "provider": "provider.aws"
                }
            },
            "depends_on": []
        }
    ]
}
